
Microsoft Visual Studio Solution File, Format Version 9.00
# Visual Studio 2005
Project("{8BC9CEB8-8B4A-11D0-8D11-00A0C91BC942}") = "NG12306-TF", "NG12306-TF.vcproj", "{2E3FA671-25C9-48A0-8255-6E6119AC0104}"
EndProject
Global
	GlobalSection(SolutionConfigurationPlatforms) = preSolution
		Debug|Win32 = Debug|Win32
		Release|Win32 = Release|Win32
	EndGlobalSection
	GlobalSection(ProjectConfigurationPlatforms) = postSolution
		{2E3FA671-25C9-48A0-8255-6E6119AC0104}.Debug|Win32.ActiveCfg = Debug|Win32
		{2E3FA671-25C9-48A0-8255-6E6119AC0104}.Debug|Win32.Build.0 = Debug|Win32
		{2E3FA671-25C9-48A0-8255-6E6119AC0104}.Release|Win32.ActiveCfg = Release|Win32
		{2E3FA671-25C9-48A0-8255-6E6119AC0104}.Release|Win32.Build.0 = Release|Win32
	EndGlobalSection
	GlobalSection(SolutionProperties) = preSolution
		HideSolutionNode = FALSE
	EndGlobalSection
EndGlobal
